{
  "version": 4,
  "terraform_version": "1.10.3",
  "serial": 373,
  "lineage": "22c11e10-767d-b9e4-6828-bcb9c0df7749",
  "outputs": {
    "ubuntu_vm_private_key": {
      "value": "-----BEGIN RSA PRIVATE KEY-----\nMIIEogIBAAKCAQEApya7coY9ARIiReH2KVWOoVtwmuqyIoBumoXJXwcpMcLlAwHZ\n2AsM3H8zY3pIwhMob5oifA0/RH4H759ZPiccRqYZLTaYwiBBZnPHS8HbMegIv6uH\nDgi2PXwtCP1dnvKnjU7ZLEvw/cCTmkRroM3QOXyS05tZ3L3zQmZwaPQqyLZHgL5E\n6O9XGMEKpFtm9Ri9UuVSYMK6c5XPEK9E3M9lLiEsOgD8tovpgOsAxx99grWXLBjx\n3mE54GKZnON8J9qw5OudfQOGcU2Dz+M1aCpUWIsEa7iPdnsrO7XvlennsiUfs9nK\nWzTl3b56j5gGqG2ljLPFqs8KQLpSGe+3glE7nQIDAQABAoIBABB3SE/n2WqZlra7\no7w+qWZL07PvGs07San/M+8gjXZRdK3vKL6XmBTAkxdhnHlB2eHklTETPQBKSg3Y\n7LmqsKZlBmXl0vaMpuSo0yErX6Ry7ymyhANl6E32RZl1HBvkW40YD1zFvl/A8Mlp\npBCbNb/z/aLK0vdj3urTnI86Ply3L1SrlC6gbpsfMR7dw8TDpmcMKCLa2royJyj/\n1IqvHk7UJrQUlYp/XXMpN6DEMCAQR8pjVr0eT5IJZVGY14JWQ6g5AOV7FV5FB5v/\nGHgzobARbyZfmQO04H5mykV8jUEW+A1s4kC8mCdIDYD8z0a6SdSFPnqwabTMCiRe\n2JQs/wECgYEA2dCsQgMXBZyau2VfC3fLK0IKF9wLp7EhO5AVPZ27LFbSbn28ccQ3\nHDeyCrt5eM9evdMpczWMpr5BqvaELK5z+CYjtN7++frUZadDhygI/LzYnea53/Nq\nI901rRW6qPF3A8iHfngm6vHjAt8Yd45cp5R9IRNzkHJ5uLHj1XoYOlUCgYEAxHRR\nGutfP5RYlHpZ1YVBtSu4DI9h1fgwouvdD2UAMpP1Ybsviqpxq+CXYiPsaCPwEvn2\nHJ56nUVNXoLqhy39e5S49GonA15E3CKl2RqI/+hXY1rai9oR0Fv92plKvCZXdidl\n+iMt/AlZ2aul7sNm8A8XHmhzulAWIh0kbiAcVCkCgYADY9gKfvnQwIs392/vQcIL\nvk9h567WwU7/GlL6ToYnPoKv7Y0NSDyDV+qReDF/y9pxoeO3Q1IZFkT3YDbWazCq\n4A0WN5JIWbsMifnnFJxvMpE8g+bIsYUpYbwAIaJyFq//gxN4yG3yoikiVk6PLcwL\nX6hC54aY7O8wDLS7EddmsQKBgCBWlVM9E3y/yqUGTuta+Cn+fFl08MHsDPWEper2\n0UWCHY5s5bKJxBRq8ABzsWKjJ823389uNvjUg5vfKQP/ig5huOBi6PEg/2zNN0e5\nmnuln1z3g6opx2zo96yYNzkphpQogBzg1Zz7XRL7smDPQY6arU+QGhy9Oid7bJfE\nKWWhAoGAI3lajC+pGYXBKzSqkHJ8ZHD8oCbzLWMXexo1zw4VxoIiZ7hXoshRmf4O\nLldcWe+iFs+hU839H9Z2OfP7vtb6CfR8kjFNSfC6khgRxiMn2L2OnW2fB/92Bu/C\n4ax7kxDn6cl7mDAunmw/6cObDJgPZiQOUPdaLcJeR/uZgtDeax8=\n-----END RSA PRIVATE KEY-----\n",
      "type": "string",
      "sensitive": true
    },
    "ubuntu_vm_public_key": {
      "value": "ssh-rsa AAAAB3NzaC1yc2EAAAADAQABAAABAQCnJrtyhj0BEiJF4fYpVY6hW3Ca6rIigG6ahclfBykxwuUDAdnYCwzcfzNjekjCEyhvmiJ8DT9Efgfvn1k+JxxGphktNpjCIEFmc8dLwdsx6Ai/q4cOCLY9fC0I/V2e8qeNTtksS/D9wJOaRGugzdA5fJLTm1ncvfNCZnBo9CrItkeAvkTo71cYwQqkW2b1GL1S5VJgwrpzlc8Qr0Tcz2UuISw6APy2i+mA6wDHH32CtZcsGPHeYTngYpmc43wn2rDk6519A4ZxTYPP4zVoKlRYiwRruI92eys7te+V6eeyJR+z2cpbNOXdvnqPmAaobaWMs8WqzwpAulIZ77eCUTud\n",
      "type": "string"
    }
  },
  "resources": [
    {
      "mode": "managed",
      "type": "local_file",
      "name": "private_key",
      "provider": "provider[\"registry.terraform.io/hashicorp/local\"]",
      "instances": [
        {
          "schema_version": 0,
          "attributes": {
            "content": "-----BEGIN OPENSSH PRIVATE KEY-----\nb3BlbnNzaC1rZXktdjEAAAAABG5vbmUAAAAEbm9uZQAAAAAAAAABAAABFwAAAAdz\nc2gtcnNhAAAAAwEAAQAAAQEApya7coY9ARIiReH2KVWOoVtwmuqyIoBumoXJXwcp\nMcLlAwHZ2AsM3H8zY3pIwhMob5oifA0/RH4H759ZPiccRqYZLTaYwiBBZnPHS8Hb\nMegIv6uHDgi2PXwtCP1dnvKnjU7ZLEvw/cCTmkRroM3QOXyS05tZ3L3zQmZwaPQq\nyLZHgL5E6O9XGMEKpFtm9Ri9UuVSYMK6c5XPEK9E3M9lLiEsOgD8tovpgOsAxx99\ngrWXLBjx3mE54GKZnON8J9qw5OudfQOGcU2Dz+M1aCpUWIsEa7iPdnsrO7Xvlenn\nsiUfs9nKWzTl3b56j5gGqG2ljLPFqs8KQLpSGe+3glE7nQAAA7gltKNKJbSjSgAA\nAAdzc2gtcnNhAAABAQCnJrtyhj0BEiJF4fYpVY6hW3Ca6rIigG6ahclfBykxwuUD\nAdnYCwzcfzNjekjCEyhvmiJ8DT9Efgfvn1k+JxxGphktNpjCIEFmc8dLwdsx6Ai/\nq4cOCLY9fC0I/V2e8qeNTtksS/D9wJOaRGugzdA5fJLTm1ncvfNCZnBo9CrItkeA\nvkTo71cYwQqkW2b1GL1S5VJgwrpzlc8Qr0Tcz2UuISw6APy2i+mA6wDHH32CtZcs\nGPHeYTngYpmc43wn2rDk6519A4ZxTYPP4zVoKlRYiwRruI92eys7te+V6eeyJR+z\n2cpbNOXdvnqPmAaobaWMs8WqzwpAulIZ77eCUTudAAAAAwEAAQAAAQAQd0hP59lq\nmZa2u6O8PqlmS9Oz7xrNO0mp/zPvII12UXSt7yi+l5gUwJMXYZx5Qdnh5JUxEz0A\nSkoN2Oy5qrCmZQZl5dL2jKbkqNMhK1+kcu8psoQDZehN9kWZdRwb5FuNGA9cxb5f\nwPDJaaQQmzW/8/2iytL3Y97q05yPOj5cty9Uq5QuoG6bHzEe3cPEw6ZnDCgi2tq6\nMico/9SKrx5O1Ca0FJWKf11zKTegxDAgEEfKY1a9Hk+SCWVRmNeCVkOoOQDlexVe\nRQeb/xh4M6GwEW8mX5kDtOB+ZspFfI1BFvgNbOJAvJgnSA2A/M9GuknUhT56sGm0\nzAokXtiULP8BAAAAgCN5WowvqRmFwSs0qpByfGRw/KAm8y1jF3saNc8OFcaCIme4\nV6LIUZn+Di5XXFnvohbPoVPN/R/Wdjnz+77W+gn0fJIxTUnwupIYEcYjJ9i9jp1t\nnwf/dgbvwuGse5MQ5+nJe5gwLp5sP+nDmwyYD2YkDlD3Wi3CXkf7mYLQ3msfAAAA\ngQDZ0KxCAxcFnJq7ZV8Ld8srQgoX3AunsSE7kBU9nbssVtJufbxxxDccN7IKu3l4\nz1690ylzNYymvkGq9oQsrnP4JiO03v75+tRlp0OHKAj8vNid5rnf82oj3TWtFbqo\n8XcDyId+eCbq8eMC3xh3jlynlH0hE3OQcnm4sePVehg6VQAAAIEAxHRRGutfP5RY\nlHpZ1YVBtSu4DI9h1fgwouvdD2UAMpP1Ybsviqpxq+CXYiPsaCPwEvn2HJ56nUVN\nXoLqhy39e5S49GonA15E3CKl2RqI/+hXY1rai9oR0Fv92plKvCZXdidl+iMt/AlZ\n2aul7sNm8A8XHmhzulAWIh0kbiAcVCkAAAAAAQID\n-----END OPENSSH PRIVATE KEY-----\n",
            "content_base64": null,
            "content_base64sha256": "dIKC0sOlSV34bfaI3uj4XQMkQ+DF/Mzj/8GsYeb1BlQ=",
            "content_base64sha512": "+mldIK9T8TqY2X+TOsWIB+vgieh9/AdAm+UHpaJeb/JfvIDontkVwZptmlWSDspOK1RtqYrMvta4/Zj3cAlknA==",
            "content_md5": "265b90562958db8baff7aa0036c91f82",
            "content_sha1": "0a822b52df446c281eb043e41ab778909b5efce0",
            "content_sha256": "748282d2c3a5495df86df688dee8f85d032443e0c5fccce3ffc1ac61e6f50654",
            "content_sha512": "fa695d20af53f13a98d97f933ac58807ebe089e87dfc07409be507a5a25e6ff25fbc80e89ed915c19a6d9a55920eca4e2b546da98accbed6b8fd98f77009649c",
            "directory_permission": "0777",
            "file_permission": "0400",
            "filename": "id_rsa",
            "id": "0a822b52df446c281eb043e41ab778909b5efce0",
            "sensitive_content": null,
            "source": null
          },
          "sensitive_attributes": [
            [
              {
                "type": "get_attr",
                "value": "content"
              }
            ],
            [
              {
                "type": "get_attr",
                "value": "sensitive_content"
              }
            ]
          ],
          "dependencies": [
            "tls_private_key.ubuntu_vm_key"
          ]
        }
      ]
    },
    {
      "mode": "managed",
      "type": "proxmox_virtual_environment_download_file",
      "name": "NAS",
      "provider": "provider[\"registry.terraform.io/bpg/proxmox\"]",
      "instances": [
        {
          "schema_version": 0,
          "attributes": {
            "checksum": "ee20ddab3e42b320972cf3446b413ac698b4e5b85d1482ec52c8fdf247ffb28e",
            "checksum_algorithm": "sha256",
            "content_type": "iso",
            "datastore_id": "local",
            "decompression_algorithm": null,
            "file_name": "openmediavault_7.4.17-amd64.iso",
            "id": "local:iso/openmediavault_7.4.17-amd64.iso",
            "node_name": "proxmox",
            "overwrite": true,
            "overwrite_unmanaged": false,
            "size": 985661440,
            "upload_timeout": 600,
            "url": "https://sourceforge.net/projects/openmediavault/files/iso/7.4.17/openmediavault_7.4.17-amd64.iso",
            "verify": true
          },
          "sensitive_attributes": [],
          "private": "eyJvcmlnaW5hbF9zdGF0ZV9zaXplIjoiT1RnMU5qWXhORFF3IiwidXJsX3NpemUiOiJPVGcxTmpZeE5EUXcifQ=="
        }
      ]
    },
    {
      "mode": "managed",
      "type": "proxmox_virtual_environment_download_file",
      "name": "ubuntu_cloud_image",
      "provider": "provider[\"registry.terraform.io/bpg/proxmox\"]",
      "instances": [
        {
          "schema_version": 0,
          "attributes": {
            "checksum": null,
            "checksum_algorithm": null,
            "content_type": "iso",
            "datastore_id": "local",
            "decompression_algorithm": null,
            "file_name": "jammy-server-cloudimg-amd64.img",
            "id": "local:iso/jammy-server-cloudimg-amd64.img",
            "node_name": "proxmox",
            "overwrite": true,
            "overwrite_unmanaged": false,
            "size": 668097536,
            "upload_timeout": 600,
            "url": "https://cloud-images.ubuntu.com/jammy/current/jammy-server-cloudimg-amd64.img",
            "verify": true
          },
          "sensitive_attributes": [],
          "private": "eyJvcmlnaW5hbF9zdGF0ZV9zaXplIjoiTmpZNE1EazNOVE0yIiwidXJsX3NpemUiOiJOalk0TURrM05UTTIifQ=="
        }
      ]
    },
    {
      "mode": "managed",
      "type": "proxmox_virtual_environment_file",
      "name": "cloud_config",
      "provider": "provider[\"registry.terraform.io/bpg/proxmox\"]",
      "instances": [
        {
          "schema_version": 0,
          "attributes": {
            "content_type": "snippets",
            "datastore_id": "local",
            "file_mode": null,
            "file_modification_date": null,
            "file_name": "cloud-config.yaml",
            "file_size": null,
            "file_tag": null,
            "id": "local:snippets/cloud-config.yaml",
            "node_name": "proxmox",
            "overwrite": true,
            "source_file": [],
            "source_raw": [
              {
                "data": "#cloud-config\r\nchpasswd:\r\n  list: |\r\n    proxmox:password\r\n  expire: false\r\npackages:\r\n  - qemu-guest-agent\r\n  - ansible\r\nusers:\r\n  - default\r\n  - name: proxmox\r\n    groups: sudo\r\n    shell: /bin/bash\r\n    ssh-authorized-keys:\r\n      - ssh-rsa AAAAB3NzaC1yc2EAAAADAQABAAABAQCnJrtyhj0BEiJF4fYpVY6hW3Ca6rIigG6ahclfBykxwuUDAdnYCwzcfzNjekjCEyhvmiJ8DT9Efgfvn1k+JxxGphktNpjCIEFmc8dLwdsx6Ai/q4cOCLY9fC0I/V2e8qeNTtksS/D9wJOaRGugzdA5fJLTm1ncvfNCZnBo9CrItkeAvkTo71cYwQqkW2b1GL1S5VJgwrpzlc8Qr0Tcz2UuISw6APy2i+mA6wDHH32CtZcsGPHeYTngYpmc43wn2rDk6519A4ZxTYPP4zVoKlRYiwRruI92eys7te+V6eeyJR+z2cpbNOXdvnqPmAaobaWMs8WqzwpAulIZ77eCUTud\r\n    sudo: ALL=(ALL) NOPASSWD:ALL\r\nwrite_files:\r\n# not writing to /tmp\r\n- path: /etc/ansible/inventory\r\n  permissions: \"0644\"\r\n  content: |\r\n    [master]\r\n    master\r\n\r\n    [nodes]\r\n    node0\r\n    node1\r\n    node2\r\n    node3\r\n    node4\r\n- path: /etc/hosts\r\n  permissions: \"0644\"\r\n  content: |\r\n    127.0.0.1 localhost\r\n\r\n    # The following lines are desirable for IPv6 capable hosts\r\n    ::1 ip6-localhost ip6-loopback\r\n    fe00::0 ip6-localnet\r\n    ff00::0 ip6-mcastprefix\r\n    ff02::1 ip6-allnodes\r\n    ff02::2 ip6-allrouters\r\n    ff02::3 ip6-allhosts\r\n\r\n    # k8 nodes\r\n    192.168.1.105 master\r\n    192.168.1.106 node0\r\n    192.168.1.107 node1     \r\nruncmd:\r\n  - \"chown proxmox:proxmox /etc/ansible/inventory\"\r\n  - \"git clone https://github.com/k3s-io/k3s-ansible.git\"\r\n  - \"mv k3s-ansible.git /home/proxmox/k3s-ansible.git\"\r\n  - \"add-apt-repository --yes --update ppa:ansible/ansible\"\r\n  - \"apt install nfs-common\"\r\n",
                "file_name": "cloud-config.yaml",
                "resize": 0
              }
            ],
            "timeout_upload": 1800
          },
          "sensitive_attributes": [],
          "private": "bnVsbA==",
          "dependencies": [
            "tls_private_key.ubuntu_vm_key"
          ]
        }
      ]
    },
    {
      "mode": "managed",
      "type": "proxmox_virtual_environment_vm",
      "name": "nfs_vm",
      "provider": "provider[\"registry.terraform.io/bpg/proxmox\"]",
      "instances": [
        {
          "schema_version": 0,
          "attributes": {
            "acpi": true,
            "agent": [],
            "audio_device": [],
            "bios": "seabios",
            "boot_order": null,
            "cdrom": [
              {
                "enabled": false,
                "file_id": "cdrom",
                "interface": "ide3"
              }
            ],
            "clone": [],
            "cpu": [],
            "description": "",
            "disk": [
              {
                "aio": "io_uring",
                "backup": true,
                "cache": "none",
                "datastore_id": "local-lvm",
                "discard": "on",
                "file_format": "raw",
                "file_id": "",
                "interface": "virtio0",
                "iothread": true,
                "path_in_datastore": "vm-102-disk-0",
                "replicate": true,
                "serial": "",
                "size": 20,
                "speed": [],
                "ssd": false
              },
              {
                "aio": "io_uring",
                "backup": true,
                "cache": "none",
                "datastore_id": "local-lvm",
                "discard": "on",
                "file_format": "raw",
                "file_id": "",
                "interface": "virtio1",
                "iothread": true,
                "path_in_datastore": "vm-102-disk-1",
                "replicate": true,
                "serial": "",
                "size": 100,
                "speed": [],
                "ssd": false
              }
            ],
            "efi_disk": [],
            "hook_script_file_id": null,
            "hostpci": [],
            "id": "102",
            "initialization": [
              {
                "datastore_id": "local-lvm",
                "dns": [
                  {
                    "domain": "",
                    "server": "",
                    "servers": [
                      "8.8.8.8",
                      "1.1.1.1"
                    ]
                  }
                ],
                "interface": "ide2",
                "ip_config": [
                  {
                    "ipv4": [
                      {
                        "address": "dhcp",
                        "gateway": ""
                      }
                    ],
                    "ipv6": []
                  }
                ],
                "meta_data_file_id": "",
                "network_data_file_id": "",
                "type": "",
                "upgrade": false,
                "user_account": [
                  {
                    "keys": [],
                    "password": "**********",
                    "username": "proxmox"
                  }
                ],
                "user_data_file_id": "",
                "vendor_data_file_id": ""
              }
            ],
            "ipv4_addresses": [],
            "ipv6_addresses": [],
            "keyboard_layout": "en-us",
            "kvm_arguments": "",
            "mac_addresses": [
              "BC:24:11:08:36:90"
            ],
            "machine": "",
            "memory": [
              {
                "dedicated": 2048,
                "floating": 0,
                "hugepages": "",
                "keep_hugepages": false,
                "shared": 0
              }
            ],
            "migrate": false,
            "name": "NFS",
            "network_device": [
              {
                "bridge": "vmbr0",
                "disconnected": false,
                "enabled": true,
                "firewall": false,
                "mac_address": "BC:24:11:08:36:90",
                "model": "virtio",
                "mtu": 0,
                "queues": 0,
                "rate_limit": 0,
                "trunks": "",
                "vlan_id": 0
              }
            ],
            "network_interface_names": [],
            "node_name": "proxmox",
            "numa": [],
            "on_boot": true,
            "operating_system": [],
            "pool_id": null,
            "protection": false,
            "reboot": false,
            "rng": [],
            "scsi_hardware": "virtio-scsi-pci",
            "serial_device": [],
            "smbios": [],
            "started": true,
            "startup": [],
            "stop_on_destroy": true,
            "tablet_device": true,
            "tags": [],
            "template": false,
            "timeout_clone": 1800,
            "timeout_create": 1800,
            "timeout_migrate": 1800,
            "timeout_move_disk": 1800,
            "timeout_reboot": 1800,
            "timeout_shutdown_vm": 1800,
            "timeout_start_vm": 1800,
            "timeout_stop_vm": 300,
            "tpm_state": [],
            "usb": [],
            "vga": [],
            "vm_id": 102,
            "watchdog": []
          },
          "sensitive_attributes": [
            [
              {
                "type": "get_attr",
                "value": "initialization"
              },
              {
                "type": "index",
                "value": {
                  "value": 0,
                  "type": "number"
                }
              },
              {
                "type": "get_attr",
                "value": "user_account"
              },
              {
                "type": "index",
                "value": {
                  "value": 0,
                  "type": "number"
                }
              },
              {
                "type": "get_attr",
                "value": "password"
              }
            ]
          ],
          "private": "bnVsbA=="
        }
      ]
    },
    {
      "mode": "managed",
      "type": "proxmox_virtual_environment_vm",
      "name": "ubuntu_vm",
      "provider": "provider[\"registry.terraform.io/bpg/proxmox\"]",
      "instances": [
        {
          "index_key": "master",
          "schema_version": 0,
          "attributes": {
            "acpi": true,
            "agent": [],
            "audio_device": [],
            "bios": "seabios",
            "boot_order": null,
            "cdrom": [],
            "clone": [],
            "cpu": [
              {
                "affinity": "",
                "architecture": "",
                "cores": 2,
                "flags": [],
                "hotplugged": 0,
                "limit": 0,
                "numa": false,
                "sockets": 1,
                "type": "x86-64-v2-AES",
                "units": 1024
              }
            ],
            "description": "",
            "disk": [
              {
                "aio": "io_uring",
                "backup": true,
                "cache": "none",
                "datastore_id": "local-lvm",
                "discard": "on",
                "file_format": "raw",
                "file_id": "local:iso/jammy-server-cloudimg-amd64.img",
                "interface": "virtio0",
                "iothread": true,
                "path_in_datastore": "vm-100-disk-0",
                "replicate": true,
                "serial": "",
                "size": 50,
                "speed": [],
                "ssd": false
              }
            ],
            "efi_disk": [],
            "hook_script_file_id": null,
            "hostpci": [],
            "id": "100",
            "initialization": [
              {
                "datastore_id": "local-lvm",
                "dns": [
                  {
                    "domain": "",
                    "server": "",
                    "servers": [
                      "8.8.8.8",
                      "1.1.1.1"
                    ]
                  }
                ],
                "interface": "ide2",
                "ip_config": [
                  {
                    "ipv4": [
                      {
                        "address": "192.168.1.105/24",
                        "gateway": "192.168.1.1"
                      }
                    ],
                    "ipv6": []
                  }
                ],
                "meta_data_file_id": "",
                "network_data_file_id": "",
                "type": "",
                "upgrade": false,
                "user_account": [
                  {
                    "keys": [
                      "ssh-rsa AAAAB3NzaC1yc2EAAAADAQABAAABAQCnJrtyhj0BEiJF4fYpVY6hW3Ca6rIigG6ahclfBykxwuUDAdnYCwzcfzNjekjCEyhvmiJ8DT9Efgfvn1k+JxxGphktNpjCIEFmc8dLwdsx6Ai/q4cOCLY9fC0I/V2e8qeNTtksS/D9wJOaRGugzdA5fJLTm1ncvfNCZnBo9CrItkeAvkTo71cYwQqkW2b1GL1S5VJgwrpzlc8Qr0Tcz2UuISw6APy2i+mA6wDHH32CtZcsGPHeYTngYpmc43wn2rDk6519A4ZxTYPP4zVoKlRYiwRruI92eys7te+V6eeyJR+z2cpbNOXdvnqPmAaobaWMs8WqzwpAulIZ77eCUTud"
                    ],
                    "password": "**********",
                    "username": "proxmox"
                  }
                ],
                "user_data_file_id": "local:snippets/cloud-config.yaml",
                "vendor_data_file_id": ""
              }
            ],
            "ipv4_addresses": [],
            "ipv6_addresses": [],
            "keyboard_layout": "en-us",
            "kvm_arguments": "",
            "mac_addresses": [
              "BC:24:11:31:13:91"
            ],
            "machine": "",
            "memory": [
              {
                "dedicated": 500,
                "floating": 0,
                "hugepages": "",
                "keep_hugepages": false,
                "shared": 0
              }
            ],
            "migrate": false,
            "name": "master",
            "network_device": [
              {
                "bridge": "vmbr0",
                "disconnected": false,
                "enabled": true,
                "firewall": false,
                "mac_address": "BC:24:11:31:13:91",
                "model": "virtio",
                "mtu": 0,
                "queues": 0,
                "rate_limit": 0,
                "trunks": "",
                "vlan_id": 0
              }
            ],
            "network_interface_names": [],
            "node_name": "proxmox",
            "numa": [],
            "on_boot": true,
            "operating_system": [],
            "pool_id": null,
            "protection": false,
            "reboot": false,
            "rng": [],
            "scsi_hardware": "virtio-scsi-pci",
            "serial_device": [],
            "smbios": [],
            "started": false,
            "startup": [],
            "stop_on_destroy": true,
            "tablet_device": true,
            "tags": [],
            "template": false,
            "timeout_clone": 1800,
            "timeout_create": 1800,
            "timeout_migrate": 1800,
            "timeout_move_disk": 1800,
            "timeout_reboot": 1800,
            "timeout_shutdown_vm": 1800,
            "timeout_start_vm": 1800,
            "timeout_stop_vm": 300,
            "tpm_state": [],
            "usb": [],
            "vga": [],
            "vm_id": 100,
            "watchdog": []
          },
          "sensitive_attributes": [
            [
              {
                "type": "get_attr",
                "value": "initialization"
              },
              {
                "type": "index",
                "value": {
                  "value": 0,
                  "type": "number"
                }
              },
              {
                "type": "get_attr",
                "value": "user_account"
              },
              {
                "type": "index",
                "value": {
                  "value": 0,
                  "type": "number"
                }
              },
              {
                "type": "get_attr",
                "value": "password"
              }
            ]
          ],
          "private": "bnVsbA==",
          "dependencies": [
            "proxmox_virtual_environment_download_file.ubuntu_cloud_image",
            "proxmox_virtual_environment_file.cloud_config",
            "tls_private_key.ubuntu_vm_key"
          ]
        },
        {
          "index_key": "node0",
          "schema_version": 0,
          "attributes": {
            "acpi": true,
            "agent": [],
            "audio_device": [],
            "bios": "seabios",
            "boot_order": null,
            "cdrom": [],
            "clone": [],
            "cpu": [
              {
                "affinity": "",
                "architecture": "",
                "cores": 2,
                "flags": [],
                "hotplugged": 0,
                "limit": 0,
                "numa": false,
                "sockets": 1,
                "type": "x86-64-v2-AES",
                "units": 1024
              }
            ],
            "description": "",
            "disk": [
              {
                "aio": "io_uring",
                "backup": true,
                "cache": "none",
                "datastore_id": "local-lvm",
                "discard": "on",
                "file_format": "raw",
                "file_id": "local:iso/jammy-server-cloudimg-amd64.img",
                "interface": "virtio0",
                "iothread": true,
                "path_in_datastore": "vm-101-disk-0",
                "replicate": true,
                "serial": "",
                "size": 50,
                "speed": [],
                "ssd": false
              }
            ],
            "efi_disk": [],
            "hook_script_file_id": null,
            "hostpci": [],
            "id": "101",
            "initialization": [
              {
                "datastore_id": "local-lvm",
                "dns": [
                  {
                    "domain": "",
                    "server": "",
                    "servers": [
                      "8.8.8.8",
                      "1.1.1.1"
                    ]
                  }
                ],
                "interface": "ide2",
                "ip_config": [
                  {
                    "ipv4": [
                      {
                        "address": "192.168.1.106/24",
                        "gateway": "192.168.1.1"
                      }
                    ],
                    "ipv6": []
                  }
                ],
                "meta_data_file_id": "",
                "network_data_file_id": "",
                "type": "",
                "upgrade": false,
                "user_account": [
                  {
                    "keys": [
                      "ssh-rsa AAAAB3NzaC1yc2EAAAADAQABAAABAQCnJrtyhj0BEiJF4fYpVY6hW3Ca6rIigG6ahclfBykxwuUDAdnYCwzcfzNjekjCEyhvmiJ8DT9Efgfvn1k+JxxGphktNpjCIEFmc8dLwdsx6Ai/q4cOCLY9fC0I/V2e8qeNTtksS/D9wJOaRGugzdA5fJLTm1ncvfNCZnBo9CrItkeAvkTo71cYwQqkW2b1GL1S5VJgwrpzlc8Qr0Tcz2UuISw6APy2i+mA6wDHH32CtZcsGPHeYTngYpmc43wn2rDk6519A4ZxTYPP4zVoKlRYiwRruI92eys7te+V6eeyJR+z2cpbNOXdvnqPmAaobaWMs8WqzwpAulIZ77eCUTud"
                    ],
                    "password": "**********",
                    "username": "proxmox"
                  }
                ],
                "user_data_file_id": "local:snippets/cloud-config.yaml",
                "vendor_data_file_id": ""
              }
            ],
            "ipv4_addresses": [],
            "ipv6_addresses": [],
            "keyboard_layout": "en-us",
            "kvm_arguments": "",
            "mac_addresses": [
              "BC:24:11:4F:CA:0E"
            ],
            "machine": "",
            "memory": [
              {
                "dedicated": 2000,
                "floating": 0,
                "hugepages": "",
                "keep_hugepages": false,
                "shared": 0
              }
            ],
            "migrate": false,
            "name": "node0",
            "network_device": [
              {
                "bridge": "vmbr0",
                "disconnected": false,
                "enabled": true,
                "firewall": false,
                "mac_address": "BC:24:11:4F:CA:0E",
                "model": "virtio",
                "mtu": 0,
                "queues": 0,
                "rate_limit": 0,
                "trunks": "",
                "vlan_id": 0
              }
            ],
            "network_interface_names": [],
            "node_name": "proxmox",
            "numa": [],
            "on_boot": true,
            "operating_system": [],
            "pool_id": null,
            "protection": false,
            "reboot": false,
            "rng": [],
            "scsi_hardware": "virtio-scsi-pci",
            "serial_device": [],
            "smbios": [],
            "started": false,
            "startup": [],
            "stop_on_destroy": true,
            "tablet_device": true,
            "tags": [],
            "template": false,
            "timeout_clone": 1800,
            "timeout_create": 1800,
            "timeout_migrate": 1800,
            "timeout_move_disk": 1800,
            "timeout_reboot": 1800,
            "timeout_shutdown_vm": 1800,
            "timeout_start_vm": 1800,
            "timeout_stop_vm": 300,
            "tpm_state": [],
            "usb": [],
            "vga": [],
            "vm_id": 101,
            "watchdog": []
          },
          "sensitive_attributes": [
            [
              {
                "type": "get_attr",
                "value": "initialization"
              },
              {
                "type": "index",
                "value": {
                  "value": 0,
                  "type": "number"
                }
              },
              {
                "type": "get_attr",
                "value": "user_account"
              },
              {
                "type": "index",
                "value": {
                  "value": 0,
                  "type": "number"
                }
              },
              {
                "type": "get_attr",
                "value": "password"
              }
            ]
          ],
          "private": "bnVsbA==",
          "dependencies": [
            "proxmox_virtual_environment_download_file.ubuntu_cloud_image",
            "proxmox_virtual_environment_file.cloud_config",
            "tls_private_key.ubuntu_vm_key"
          ]
        }
      ]
    },
    {
      "mode": "managed",
      "type": "tls_private_key",
      "name": "ubuntu_vm_key",
      "provider": "provider[\"registry.terraform.io/hashicorp/tls\"]",
      "instances": [
        {
          "schema_version": 1,
          "attributes": {
            "algorithm": "RSA",
            "ecdsa_curve": "P224",
            "id": "a072575fb0e653e1fb98f684bcbccb019ced5e61",
            "private_key_openssh": "-----BEGIN OPENSSH PRIVATE KEY-----\nb3BlbnNzaC1rZXktdjEAAAAABG5vbmUAAAAEbm9uZQAAAAAAAAABAAABFwAAAAdz\nc2gtcnNhAAAAAwEAAQAAAQEApya7coY9ARIiReH2KVWOoVtwmuqyIoBumoXJXwcp\nMcLlAwHZ2AsM3H8zY3pIwhMob5oifA0/RH4H759ZPiccRqYZLTaYwiBBZnPHS8Hb\nMegIv6uHDgi2PXwtCP1dnvKnjU7ZLEvw/cCTmkRroM3QOXyS05tZ3L3zQmZwaPQq\nyLZHgL5E6O9XGMEKpFtm9Ri9UuVSYMK6c5XPEK9E3M9lLiEsOgD8tovpgOsAxx99\ngrWXLBjx3mE54GKZnON8J9qw5OudfQOGcU2Dz+M1aCpUWIsEa7iPdnsrO7Xvlenn\nsiUfs9nKWzTl3b56j5gGqG2ljLPFqs8KQLpSGe+3glE7nQAAA7gltKNKJbSjSgAA\nAAdzc2gtcnNhAAABAQCnJrtyhj0BEiJF4fYpVY6hW3Ca6rIigG6ahclfBykxwuUD\nAdnYCwzcfzNjekjCEyhvmiJ8DT9Efgfvn1k+JxxGphktNpjCIEFmc8dLwdsx6Ai/\nq4cOCLY9fC0I/V2e8qeNTtksS/D9wJOaRGugzdA5fJLTm1ncvfNCZnBo9CrItkeA\nvkTo71cYwQqkW2b1GL1S5VJgwrpzlc8Qr0Tcz2UuISw6APy2i+mA6wDHH32CtZcs\nGPHeYTngYpmc43wn2rDk6519A4ZxTYPP4zVoKlRYiwRruI92eys7te+V6eeyJR+z\n2cpbNOXdvnqPmAaobaWMs8WqzwpAulIZ77eCUTudAAAAAwEAAQAAAQAQd0hP59lq\nmZa2u6O8PqlmS9Oz7xrNO0mp/zPvII12UXSt7yi+l5gUwJMXYZx5Qdnh5JUxEz0A\nSkoN2Oy5qrCmZQZl5dL2jKbkqNMhK1+kcu8psoQDZehN9kWZdRwb5FuNGA9cxb5f\nwPDJaaQQmzW/8/2iytL3Y97q05yPOj5cty9Uq5QuoG6bHzEe3cPEw6ZnDCgi2tq6\nMico/9SKrx5O1Ca0FJWKf11zKTegxDAgEEfKY1a9Hk+SCWVRmNeCVkOoOQDlexVe\nRQeb/xh4M6GwEW8mX5kDtOB+ZspFfI1BFvgNbOJAvJgnSA2A/M9GuknUhT56sGm0\nzAokXtiULP8BAAAAgCN5WowvqRmFwSs0qpByfGRw/KAm8y1jF3saNc8OFcaCIme4\nV6LIUZn+Di5XXFnvohbPoVPN/R/Wdjnz+77W+gn0fJIxTUnwupIYEcYjJ9i9jp1t\nnwf/dgbvwuGse5MQ5+nJe5gwLp5sP+nDmwyYD2YkDlD3Wi3CXkf7mYLQ3msfAAAA\ngQDZ0KxCAxcFnJq7ZV8Ld8srQgoX3AunsSE7kBU9nbssVtJufbxxxDccN7IKu3l4\nz1690ylzNYymvkGq9oQsrnP4JiO03v75+tRlp0OHKAj8vNid5rnf82oj3TWtFbqo\n8XcDyId+eCbq8eMC3xh3jlynlH0hE3OQcnm4sePVehg6VQAAAIEAxHRRGutfP5RY\nlHpZ1YVBtSu4DI9h1fgwouvdD2UAMpP1Ybsviqpxq+CXYiPsaCPwEvn2HJ56nUVN\nXoLqhy39e5S49GonA15E3CKl2RqI/+hXY1rai9oR0Fv92plKvCZXdidl+iMt/AlZ\n2aul7sNm8A8XHmhzulAWIh0kbiAcVCkAAAAAAQID\n-----END OPENSSH PRIVATE KEY-----\n",
            "private_key_pem": "-----BEGIN RSA PRIVATE KEY-----\nMIIEogIBAAKCAQEApya7coY9ARIiReH2KVWOoVtwmuqyIoBumoXJXwcpMcLlAwHZ\n2AsM3H8zY3pIwhMob5oifA0/RH4H759ZPiccRqYZLTaYwiBBZnPHS8HbMegIv6uH\nDgi2PXwtCP1dnvKnjU7ZLEvw/cCTmkRroM3QOXyS05tZ3L3zQmZwaPQqyLZHgL5E\n6O9XGMEKpFtm9Ri9UuVSYMK6c5XPEK9E3M9lLiEsOgD8tovpgOsAxx99grWXLBjx\n3mE54GKZnON8J9qw5OudfQOGcU2Dz+M1aCpUWIsEa7iPdnsrO7XvlennsiUfs9nK\nWzTl3b56j5gGqG2ljLPFqs8KQLpSGe+3glE7nQIDAQABAoIBABB3SE/n2WqZlra7\no7w+qWZL07PvGs07San/M+8gjXZRdK3vKL6XmBTAkxdhnHlB2eHklTETPQBKSg3Y\n7LmqsKZlBmXl0vaMpuSo0yErX6Ry7ymyhANl6E32RZl1HBvkW40YD1zFvl/A8Mlp\npBCbNb/z/aLK0vdj3urTnI86Ply3L1SrlC6gbpsfMR7dw8TDpmcMKCLa2royJyj/\n1IqvHk7UJrQUlYp/XXMpN6DEMCAQR8pjVr0eT5IJZVGY14JWQ6g5AOV7FV5FB5v/\nGHgzobARbyZfmQO04H5mykV8jUEW+A1s4kC8mCdIDYD8z0a6SdSFPnqwabTMCiRe\n2JQs/wECgYEA2dCsQgMXBZyau2VfC3fLK0IKF9wLp7EhO5AVPZ27LFbSbn28ccQ3\nHDeyCrt5eM9evdMpczWMpr5BqvaELK5z+CYjtN7++frUZadDhygI/LzYnea53/Nq\nI901rRW6qPF3A8iHfngm6vHjAt8Yd45cp5R9IRNzkHJ5uLHj1XoYOlUCgYEAxHRR\nGutfP5RYlHpZ1YVBtSu4DI9h1fgwouvdD2UAMpP1Ybsviqpxq+CXYiPsaCPwEvn2\nHJ56nUVNXoLqhy39e5S49GonA15E3CKl2RqI/+hXY1rai9oR0Fv92plKvCZXdidl\n+iMt/AlZ2aul7sNm8A8XHmhzulAWIh0kbiAcVCkCgYADY9gKfvnQwIs392/vQcIL\nvk9h567WwU7/GlL6ToYnPoKv7Y0NSDyDV+qReDF/y9pxoeO3Q1IZFkT3YDbWazCq\n4A0WN5JIWbsMifnnFJxvMpE8g+bIsYUpYbwAIaJyFq//gxN4yG3yoikiVk6PLcwL\nX6hC54aY7O8wDLS7EddmsQKBgCBWlVM9E3y/yqUGTuta+Cn+fFl08MHsDPWEper2\n0UWCHY5s5bKJxBRq8ABzsWKjJ823389uNvjUg5vfKQP/ig5huOBi6PEg/2zNN0e5\nmnuln1z3g6opx2zo96yYNzkphpQogBzg1Zz7XRL7smDPQY6arU+QGhy9Oid7bJfE\nKWWhAoGAI3lajC+pGYXBKzSqkHJ8ZHD8oCbzLWMXexo1zw4VxoIiZ7hXoshRmf4O\nLldcWe+iFs+hU839H9Z2OfP7vtb6CfR8kjFNSfC6khgRxiMn2L2OnW2fB/92Bu/C\n4ax7kxDn6cl7mDAunmw/6cObDJgPZiQOUPdaLcJeR/uZgtDeax8=\n-----END RSA PRIVATE KEY-----\n",
            "private_key_pem_pkcs8": "-----BEGIN PRIVATE KEY-----\nMIIEvAIBADANBgkqhkiG9w0BAQEFAASCBKYwggSiAgEAAoIBAQCnJrtyhj0BEiJF\n4fYpVY6hW3Ca6rIigG6ahclfBykxwuUDAdnYCwzcfzNjekjCEyhvmiJ8DT9Efgfv\nn1k+JxxGphktNpjCIEFmc8dLwdsx6Ai/q4cOCLY9fC0I/V2e8qeNTtksS/D9wJOa\nRGugzdA5fJLTm1ncvfNCZnBo9CrItkeAvkTo71cYwQqkW2b1GL1S5VJgwrpzlc8Q\nr0Tcz2UuISw6APy2i+mA6wDHH32CtZcsGPHeYTngYpmc43wn2rDk6519A4ZxTYPP\n4zVoKlRYiwRruI92eys7te+V6eeyJR+z2cpbNOXdvnqPmAaobaWMs8WqzwpAulIZ\n77eCUTudAgMBAAECggEAEHdIT+fZapmWtrujvD6pZkvTs+8azTtJqf8z7yCNdlF0\nre8ovpeYFMCTF2GceUHZ4eSVMRM9AEpKDdjsuaqwpmUGZeXS9oym5KjTIStfpHLv\nKbKEA2XoTfZFmXUcG+RbjRgPXMW+X8DwyWmkEJs1v/P9osrS92Pe6tOcjzo+XLcv\nVKuULqBumx8xHt3DxMOmZwwoItraujInKP/Uiq8eTtQmtBSVin9dcyk3oMQwIBBH\nymNWvR5PkgllUZjXglZDqDkA5XsVXkUHm/8YeDOhsBFvJl+ZA7TgfmbKRXyNQRb4\nDWziQLyYJ0gNgPzPRrpJ1IU+erBptMwKJF7YlCz/AQKBgQDZ0KxCAxcFnJq7ZV8L\nd8srQgoX3AunsSE7kBU9nbssVtJufbxxxDccN7IKu3l4z1690ylzNYymvkGq9oQs\nrnP4JiO03v75+tRlp0OHKAj8vNid5rnf82oj3TWtFbqo8XcDyId+eCbq8eMC3xh3\njlynlH0hE3OQcnm4sePVehg6VQKBgQDEdFEa618/lFiUelnVhUG1K7gMj2HV+DCi\n690PZQAyk/Vhuy+KqnGr4JdiI+xoI/AS+fYcnnqdRU1eguqHLf17lLj0aicDXkTc\nIqXZGoj/6FdjWtqL2hHQW/3amUq8Jld2J2X6Iy38CVnZq6Xuw2bwDxceaHO6UBYi\nHSRuIBxUKQKBgANj2Ap++dDAizf3b+9Bwgu+T2HnrtbBTv8aUvpOhic+gq/tjQ1I\nPINX6pF4MX/L2nGh47dDUhkWRPdgNtZrMKrgDRY3kkhZuwyJ+ecUnG8ykTyD5six\nhSlhvAAhonIWr/+DE3jIbfKiKSJWTo8tzAtfqELnhpjs7zAMtLsR12axAoGAIFaV\nUz0TfL/KpQZO61r4Kf58WXTwwewM9YSl6vbRRYIdjmzlsonEFGrwAHOxYqMnzbff\nz242+NSDm98pA/+KDmG44GLo8SD/bM03R7mae6WfXPeDqinHbOj3rJg3OSmGlCiA\nHODVnPtdEvuyYM9BjpqtT5AaHL06J3tsl8QpZaECgYAjeVqML6kZhcErNKqQcnxk\ncPygJvMtYxd7GjXPDhXGgiJnuFeiyFGZ/g4uV1xZ76IWz6FTzf0f1nY58/u+1voJ\n9HySMU1J8LqSGBHGIyfYvY6dbZ8H/3YG78LhrHuTEOfpyXuYMC6ebD/pw5sMmA9m\nJA5Q91otwl5H+5mC0N5rHw==\n-----END PRIVATE KEY-----\n",
            "public_key_fingerprint_md5": "c7:9a:fa:69:88:c2:16:31:da:d9:db:de:83:c0:62:52",
            "public_key_fingerprint_sha256": "SHA256:/JfKnaj8bgultxMJIZ61xOjJ5vtNfkDQ4iloRBfWHe8",
            "public_key_openssh": "ssh-rsa AAAAB3NzaC1yc2EAAAADAQABAAABAQCnJrtyhj0BEiJF4fYpVY6hW3Ca6rIigG6ahclfBykxwuUDAdnYCwzcfzNjekjCEyhvmiJ8DT9Efgfvn1k+JxxGphktNpjCIEFmc8dLwdsx6Ai/q4cOCLY9fC0I/V2e8qeNTtksS/D9wJOaRGugzdA5fJLTm1ncvfNCZnBo9CrItkeAvkTo71cYwQqkW2b1GL1S5VJgwrpzlc8Qr0Tcz2UuISw6APy2i+mA6wDHH32CtZcsGPHeYTngYpmc43wn2rDk6519A4ZxTYPP4zVoKlRYiwRruI92eys7te+V6eeyJR+z2cpbNOXdvnqPmAaobaWMs8WqzwpAulIZ77eCUTud\n",
            "public_key_pem": "-----BEGIN PUBLIC KEY-----\nMIIBIjANBgkqhkiG9w0BAQEFAAOCAQ8AMIIBCgKCAQEApya7coY9ARIiReH2KVWO\noVtwmuqyIoBumoXJXwcpMcLlAwHZ2AsM3H8zY3pIwhMob5oifA0/RH4H759ZPicc\nRqYZLTaYwiBBZnPHS8HbMegIv6uHDgi2PXwtCP1dnvKnjU7ZLEvw/cCTmkRroM3Q\nOXyS05tZ3L3zQmZwaPQqyLZHgL5E6O9XGMEKpFtm9Ri9UuVSYMK6c5XPEK9E3M9l\nLiEsOgD8tovpgOsAxx99grWXLBjx3mE54GKZnON8J9qw5OudfQOGcU2Dz+M1aCpU\nWIsEa7iPdnsrO7XvlennsiUfs9nKWzTl3b56j5gGqG2ljLPFqs8KQLpSGe+3glE7\nnQIDAQAB\n-----END PUBLIC KEY-----\n",
            "rsa_bits": 2048
          },
          "sensitive_attributes": [
            [
              {
                "type": "get_attr",
                "value": "private_key_openssh"
              }
            ],
            [
              {
                "type": "get_attr",
                "value": "private_key_pem"
              }
            ],
            [
              {
                "type": "get_attr",
                "value": "private_key_pem_pkcs8"
              }
            ]
          ]
        }
      ]
    }
  ],
  "check_results": null
}
